// !$*UTF8*$!
{
	archiveVersion = 1;
	classes = {
	};
	objectVersion = 51;
	objects = {

/* Begin PBXBuildFile section */
		7C679B792530E1790020CB06 /* AppDelegate.swift in Sources */ = {isa = PBXBuildFile; fileRef = 7C679B782530E1790020CB06 /* AppDelegate.swift */; };
		7C679B7B2530E1790020CB06 /* SceneDelegate.swift in Sources */ = {isa = PBXBuildFile; fileRef = 7C679B7A2530E1790020CB06 /* SceneDelegate.swift */; };
		7C679B7D2530E1790020CB06 /* ViewController.swift in Sources */ = {isa = PBXBuildFile; fileRef = 7C679B7C2530E1790020CB06 /* ViewController.swift */; };
		7C679B802530E1790020CB06 /* Main.storyboard in Resources */ = {isa = PBXBuildFile; fileRef = 7C679B7E2530E1790020CB06 /* Main.storyboard */; };
		7C679B822530E1790020CB06 /* Assets.xcassets in Resources */ = {isa = PBXBuildFile; fileRef = 7C679B812530E1790020CB06 /* Assets.xcassets */; };
		7C679B852530E1790020CB06 /* LaunchScreen.storyboard in Resources */ = {isa = PBXBuildFile; fileRef = 7C679B832530E1790020CB06 /* LaunchScreen.storyboard */; };
		E9A0F38441D9EBBF1F60DC5B /* Pods_WebexIssue.framework in Frameworks */ = {isa = PBXBuildFile; fileRef = 1747C0C7CEB78D99297E7261 /* Pods_WebexIssue.framework */; };
/* End PBXBuildFile section */

/* Begin PBXFileReference section */
		1747C0C7CEB78D99297E7261 /* Pods_WebexIssue.framework */ = {isa = PBXFileReference; explicitFileType = wrapper.framework; includeInIndex = 0; path = Pods_WebexIssue.framework; sourceTree = BUILT_PRODUCTS_DIR; };
		7C679B752530E1790020CB06 /* WebexIssue.app */ = {isa = PBXFileReference; explicitFileType = wrapper.application; includeInIndex = 0; path = WebexIssue.app; sourceTree = BUILT_PRODUCTS_DIR; };
		7C679B782530E1790020CB06 /* AppDelegate.swift */ = {isa = PBXFileReference; lastKnownFileType = sourcecode.swift; path = AppDelegate.swift; sourceTree = "<group>"; };
		7C679B7A2530E1790020CB06 /* SceneDelegate.swift */ = {isa = PBXFileReference; lastKnownFileType = sourcecode.swift; path = SceneDelegate.swift; sourceTree = "<group>"; };
		7C679B7C2530E1790020CB06 /* ViewController.swift */ = {isa = PBXFileReference; lastKnownFileType = sourcecode.swift; path = ViewController.swift; sourceTree = "<group>"; };
		7C679B7F2530E1790020CB06 /* Base */ = {isa = PBXFileReference; lastKnownFileType = file.storyboard; name = Base; path = Base.lproj/Main.storyboard; sourceTree = "<group>"; };
		7C679B812530E1790020CB06 /* Assets.xcassets */ = {isa = PBXFileReference; lastKnownFileType = folder.assetcatalog; path = Assets.xcassets; sourceTree = "<group>"; };
		7C679B842530E1790020CB06 /* Base */ = {isa = PBXFileReference; lastKnownFileType = file.storyboard; name = Base; path = Base.lproj/LaunchScreen.storyboard; sourceTree = "<group>"; };
		7C679B862530E1790020CB06 /* Info.plist */ = {isa = PBXFileReference; lastKnownFileType = text.plist.xml; path = Info.plist; sourceTree = "<group>"; };
		BCE82BC90F7D8D367D453C1C /* Pods-WebexIssue.release.xcconfig */ = {isa = PBXFileReference; includeInIndex = 1; lastKnownFileType = text.xcconfig; name = "Pods-WebexIssue.release.xcconfig"; path = "Target Support Files/Pods-WebexIssue/Pods-WebexIssue.release.xcconfig"; sourceTree = "<group>"; };
		EB8DDAFAD736EB9C320F8114 /* Pods-WebexIssue.debug.xcconfig */ = {isa = PBXFileReference; includeInIndex = 1; lastKnownFileType = text.xcconfig; name = "Pods-WebexIssue.debug.xcconfig"; path = "Target Support Files/Pods-WebexIssue/Pods-WebexIssue.debug.xcconfig"; sourceTree = "<group>"; };
/* End PBXFileReference section */

/* Begin PBXFrameworksBuildPhase section */
		7C679B722530E1790020CB06 /* Frameworks */ = {
			isa = PBXFrameworksBuildPhase;
			buildActionMask = 2147483647;
			files = (
				E9A0F38441D9EBBF1F60DC5B /* Pods_WebexIssue.framework in Frameworks */,
			);
			runOnlyForDeploymentPostprocessing = 0;
		};
/* End PBXFrameworksBuildPhase section */

/* Begin PBXGroup section */
		3B095228367E9C7B42A20E9A /* Pods */ = {
			isa = PBXGroup;
			children = (
				EB8DDAFAD736EB9C320F8114 /* Pods-WebexIssue.debug.xcconfig */,
				BCE82BC90F7D8D367D453C1C /* Pods-WebexIssue.release.xcconfig */,
			);
			path = Pods;
			sourceTree = "<group>";
		};
		7C679B6C2530E1790020CB06 = {
			isa = PBXGroup;
			children = (
				7C679B772530E1790020CB06 /* WebexIssue */,
				7C679B762530E1790020CB06 /* Products */,
				3B095228367E9C7B42A20E9A /* Pods */,
				E2FB309C082C1AEE5C1E4F0B /* Frameworks */,
			);
			sourceTree = "<group>";
		};
		7C679B762530E1790020CB06 /* Products */ = {
			isa = PBXGroup;
			children = (
				7C679B752530E1790020CB06 /* WebexIssue.app */,
			);
			name = Products;
			sourceTree = "<group>";
		};
		7C679B772530E1790020CB06 /* WebexIssue */ = {
			isa = PBXGroup;
			children = (
				7C679B782530E1790020CB06 /* AppDelegate.swift */,
				7C679B7A2530E1790020CB06 /* SceneDelegate.swift */,
				7C679B7C2530E1790020CB06 /* ViewController.swift */,
				7C679B7E2530E1790020CB06 /* Main.storyboard */,
				7C679B812530E1790020CB06 /* Assets.xcassets */,
				7C679B832530E1790020CB06 /* LaunchScreen.storyboard */,
				7C679B862530E1790020CB06 /* Info.plist */,
			);
			path = WebexIssue;
			sourceTree = "<group>";
		};
		E2FB309C082C1AEE5C1E4F0B /* Frameworks */ = {
			isa = PBXGroup;
			children = (
				1747C0C7CEB78D99297E7261 /* Pods_WebexIssue.framework */,
			);
			name = Frameworks;
			sourceTree = "<group>";
		};
/* End PBXGroup section */

/* Begin PBXNativeTarget section */
		7C679B742530E1790020CB06 /* WebexIssue */ = {
			isa = PBXNativeTarget;
			buildConfigurationList = 7C679B892530E1790020CB06 /* Build configuration list for PBXNativeTarget "WebexIssue" */;
			buildPhases = (
				F85A7B11EA9800F2025275F1 /* [CP] Check Pods Manifest.lock */,
				7C679B712530E1790020CB06 /* Sources */,
				7C679B722530E1790020CB06 /* Frameworks */,
				7C679B732530E1790020CB06 /* Resources */,
				BED88E9B8F328410280AFD02 /* [CP] Embed Pods Frameworks */,
			);
			buildRules = (
			);
			dependencies = (
			);
			name = WebexIssue;
			productName = WebexIssue;
			productReference = 7C679B752530E1790020CB06 /* WebexIssue.app */;
			productType = "com.apple.product-type.application";
		};
/* End PBXNativeTarget section */

/* Begin PBXProject section */
		7C679B6D2530E1790020CB06 /* Project object */ = {
			isa = PBXProject;
			attributes = {
				LastSwiftUpdateCheck = 1200;
				LastUpgradeCheck = 1200;
				TargetAttributes = {
					7C679B742530E1790020CB06 = {
						CreatedOnToolsVersion = 12.0.1;
					};
				};
			};
			buildConfigurationList = 7C679B702530E1790020CB06 /* Build configuration list for PBXProject "WebexIssue" */;
			compatibilityVersion = "Xcode 9.3";
			developmentRegion = en;
			hasScannedForEncodings = 0;
			knownRegions = (
				en,
				Base,
			);
			mainGroup = 7C679B6C2530E1790020CB06;
			productRefGroup = 7C679B762530E1790020CB06 /* Products */;
			projectDirPath = "";
			projectRoot = "";
			targets = (
				7C679B742530E1790020CB06 /* WebexIssue */,
			);
		};
/* End PBXProject section */

/* Begin PBXResourcesBuildPhase section */
		7C679B732530E1790020CB06 /* Resources */ = {
			isa = PBXResourcesBuildPhase;
			buildActionMask = 2147483647;
			files = (
				7C679B852530E1790020CB06 /* LaunchScreen.storyboard in Resources */,
				7C679B822530E1790020CB06 /* Assets.xcassets in Resources */,
				7C679B802530E1790020CB06 /* Main.storyboard in Resources */,
			);
			runOnlyForDeploymentPostprocessing = 0;
		};
/* End PBXResourcesBuildPhase section */

/* Begin PBXShellScriptBuildPhase section */
		BED88E9B8F328410280AFD02 /* [CP] Embed Pods Frameworks */ = {
			isa = PBXShellScriptBuildPhase;
			buildActionMask = 2147483647;
			files = (
			);
			inputFileListPaths = (
				"${PODS_ROOT}/Target Support Files/Pods-WebexIssue/Pods-WebexIssue-frameworks-${CONFIGURATION}-input-files.xcfilelist",
			);
			name = "[CP] Embed Pods Frameworks";
			outputFileListPaths = (
				"${PODS_ROOT}/Target Support Files/Pods-WebexIssue/Pods-WebexIssue-frameworks-${CONFIGURATION}-output-files.xcfilelist",
			);
			runOnlyForDeploymentPostprocessing = 0;
			shellPath = /bin/sh;
			shellScript = "\"${PODS_ROOT}/Target Support Files/Pods-WebexIssue/Pods-WebexIssue-frameworks.sh\"\n";
			showEnvVarsInLog = 0;
		};
		F85A7B11EA9800F2025275F1 /* [CP] Check Pods Manifest.lock */ = {
			isa = PBXShellScriptBuildPhase;
			buildActionMask = 2147483647;
			files = (
			);
			inputFileListPaths = (
			);
			inputPaths = (
				"${PODS_PODFILE_DIR_PATH}/Podfile.lock",
				"${PODS_ROOT}/Manifest.lock",
			);
			name = "[CP] Check Pods Manifest.lock";
			outputFileListPaths = (
			);
			outputPaths = (
				"$(DERIVED_FILE_DIR)/Pods-WebexIssue-checkManifestLockResult.txt",
			);
			runOnlyForDeploymentPostprocessing = 0;
			shellPath = /bin/sh;
			shellScript = "diff \"${PODS_PODFILE_DIR_PATH}/Podfile.lock\" \"${PODS_ROOT}/Manifest.lock\" > /dev/null\nif [ $? != 0 ] ; then\n    # print error to STDERR\n    echo \"error: The sandbox is not in sync with the Podfile.lock. Run 'pod install' or update your CocoaPods installation.\" >&2\n    exit 1\nfi\n# This output is used by Xcode 'outputs' to avoid re-running this script phase.\necho \"SUCCESS\" > \"${SCRIPT_OUTPUT_FILE_0}\"\n";
			showEnvVarsInLog = 0;
		};
/* End PBXShellScriptBuildPhase section */

/* Begin PBXSourcesBuildPhase section */
		7C679B712530E1790020CB06 /* Sources */ = {
			isa = PBXSourcesBuildPhase;
			buildActionMask = 2147483647;
			files = (
				7C679B7D2530E1790020CB06 /* ViewController.swift in Sources */,
				7C679B792530E1790020CB06 /* AppDelegate.swift in Sources */,
				7C679B7B2530E1790020CB06 /* SceneDelegate.swift in Sources */,
			);
			runOnlyForDeploymentPostprocessing = 0;
		};
/* End PBXSourcesBuildPhase section */

/* Begin PBXVariantGroup section */
		7C679B7E2530E1790020CB06 /* Main.storyboard */ = {
			isa = PBXVariantGroup;
			children = (
				7C679B7F2530E1790020CB06 /* Base */,
			);
			name = Main.storyboard;
			sourceTree = "<group>";
		};
		7C679B832530E1790020CB06 /* LaunchScreen.storyboard */ = {
			isa = PBXVariantGroup;
			children = (
				7C679B842530E1790020CB06 /* Base */,
			);
			name = LaunchScreen.storyboard;
			sourceTree = "<group>";
		};
/* End PBXVariantGroup section */

/* Begin XCBuildConfiguration section */
		7C679B872530E1790020CB06 /* Debug */ = {
			isa = XCBuildConfiguration;
			buildSettings = {
				ALWAYS_SEARCH_USER_PATHS = NO;
				CLANG_ANALYZER_NONNULL = YES;
				CLANG_ANALYZER_NUMBER_OBJECT_CONVERSION = YES_AGGRESSIVE;
				CLANG_CXX_LANGUAGE_STANDARD = "gnu++14";
				CLANG_CXX_LIBRARY = "libc++";
				CLANG_ENABLE_MODULES = YES;
				CLANG_ENABLE_OBJC_ARC = YES;
				CLANG_ENABLE_OBJC_WEAK = YES;
				CLANG_WARN_BLOCK_CAPTURE_AUTORELEASING = YES;
				CLANG_WARN_BOOL_CONVERSION = YES;
				CLANG_WARN_COMMA = YES;
				CLANG_WARN_CONSTANT_CONVERSION = YES;
				CLANG_WARN_DEPRECATED_OBJC_IMPLEMENTATIONS = YES;
				CLANG_WARN_DIRECT_OBJC_ISA_USAGE = YES_ERROR;
				CLANG_WARN_DOCUMENTATION_COMMENTS = YES;
				CLANG_WARN_EMPTY_BODY = YES;
				CLANG_WARN_ENUM_CONVERSION = YES;
				CLANG_WARN_INFINITE_RECURSION = YES;
				CLANG_WARN_INT_CONVERSION = YES;
				CLANG_WARN_NON_LITERAL_NULL_CONVERSION = YES;
				CLANG_WARN_OBJC_IMPLICIT_RETAIN_SELF = YES;
				CLANG_WARN_OBJC_LITERAL_CONVERSION = YES;
				CLANG_WARN_OBJC_ROOT_CLASS = YES_ERROR;
				CLANG_WARN_QUOTED_INCLUDE_IN_FRAMEWORK_HEADER = YES;
				CLANG_WARN_RANGE_LOOP_ANALYSIS = YES;
				CLANG_WARN_STRICT_PROTOTYPES = YES;
				CLANG_WARN_SUSPICIOUS_MOVE = YES;
				CLANG_WARN_UNGUARDED_AVAILABILITY = YES_AGGRESSIVE;
				CLANG_WARN_UNREACHABLE_CODE = YES;
				CLANG_WARN__DUPLICATE_METHOD_MATCH = YES;
				COPY_PHASE_STRIP = NO;
				DEBUG_INFORMATION_FORMAT = dwarf;
				ENABLE_STRICT_OBJC_MSGSEND = YES;
				ENABLE_TESTABILITY = YES;
				GCC_C_LANGUAGE_STANDARD = gnu11;
				GCC_DYNAMIC_NO_PIC = NO;
				GCC_NO_COMMON_BLOCKS = YES;
				GCC_OPTIMIZATION_LEVEL = 0;
				GCC_PREPROCESSOR_DEFINITIONS = (
					"DEBUG=1",
					"$(inherited)",
				);
				GCC_WARN_64_TO_32_BIT_CONVERSION = YES;
				GCC_WARN_ABOUT_RETURN_TYPE = YES_ERROR;
				GCC_WARN_UNDECLARED_SELECTOR = YES;
				GCC_WARN_UNINITIALIZED_AUTOS = YES_AGGRESSIVE;
				GCC_WARN_UNUSED_FUNCTION = YES;
				GCC_WARN_UNUSED_VARIABLE = YES;
				IPHONEOS_DEPLOYMENT_TARGET = 14.0;
				MTL_ENABLE_DEBUG_INFO = INCLUDE_SOURCE;
				MTL_FAST_MATH = YES;
				ONLY_ACTIVE_ARCH = YES;
				SDKROOT = iphoneos;
				SWIFT_ACTIVE_COMPILATION_CONDITIONS = DEBUG;
				SWIFT_OPTIMIZATION_LEVEL = "-Onone";
			};
			name = Debug;
		};
		7C679B882530E1790020CB06 /* Release */ = {
			isa = XCBuildConfiguration;
			buildSettings = {
				ALWAYS_SEARCH_USER_PATHS = NO;
				CLANG_ANALYZER_NONNULL = YES;
				CLANG_ANALYZER_NUMBER_OBJECT_CONVERSION = YES_AGGRESSIVE;
				CLANG_CXX_LANGUAGE_STANDARD = "gnu++14";
				CLANG_CXX_LIBRARY = "libc++";
				CLANG_ENABLE_MODULES = YES;
				CLANG_ENABLE_OBJC_ARC = YES;
				CLANG_ENABLE_OBJC_WEAK = YES;
				CLANG_WARN_BLOCK_CAPTURE_AUTORELEASING = YES;
				CLANG_WARN_BOOL_CONVERSION = YES;
				CLANG_WARN_COMMA = YES;
				CLANG_WARN_CONSTANT_CONVERSION = YES;
				CLANG_WARN_DEPRECATED_OBJC_IMPLEMENTATIONS = YES;
				CLANG_WARN_DIRECT_OBJC_ISA_USAGE = YES_ERROR;
				CLANG_WARN_DOCUMENTATION_COMMENTS = YES;
				CLANG_WARN_EMPTY_BODY = YES;
				CLANG_WARN_ENUM_CONVERSION = YES;
				CLANG_WARN_INFINITE_RECURSION = YES;
				CLANG_WARN_INT_CONVERSION = YES;
				CLANG_WARN_NON_LITERAL_NULL_CONVERSION = YES;
				CLANG_WARN_OBJC_IMPLICIT_RETAIN_SELF = YES;
				CLANG_WARN_OBJC_LITERAL_CONVERSION = YES;
				CLANG_WARN_OBJC_ROOT_CLASS = YES_ERROR;
				CLANG_WARN_QUOTED_INCLUDE_IN_FRAMEWORK_HEADER = YES;
				CLANG_WARN_RANGE_LOOP_ANALYSIS = YES;
				CLANG_WARN_STRICT_PROTOTYPES = YES;
				CLANG_WARN_SUSPICIOUS_MOVE = YES;
				CLANG_WARN_UNGUARDED_AVAILABILITY = YES_AGGRESSIVE;
				CLANG_WARN_UNREACHABLE_CODE = YES;
				CLANG_WARN__DUPLICATE_METHOD_MATCH = YES;
				COPY_PHASE_STRIP = NO;
				DEBUG_INFORMATION_FORMAT = "dwarf-with-dsym";
				ENABLE_NS_ASSERTIONS = NO;
				ENABLE_STRICT_OBJC_MSGSEND = YES;
				GCC_C_LANGUAGE_STANDARD = gnu11;
				GCC_NO_COMMON_BLOCKS = YES;
				GCC_WARN_64_TO_32_BIT_CONVERSION = YES;
				GCC_WARN_ABOUT_RETURN_TYPE = YES_ERROR;
				GCC_WARN_UNDECLARED_SELECTOR = YES;
				GCC_WARN_UNINITIALIZED_AUTOS = YES_AGGRESSIVE;
				GCC_WARN_UNUSED_FUNCTION = YES;
				GCC_WARN_UNUSED_VARIABLE = YES;
				IPHONEOS_DEPLOYMENT_TARGET = 14.0;
				MTL_ENABLE_DEBUG_INFO = NO;
				MTL_FAST_MATH = YES;
				SDKROOT = iphoneos;
				SWIFT_COMPILATION_MODE = wholemodule;
				SWIFT_OPTIMIZATION_LEVEL = "-O";
				VALIDATE_PRODUCT = YES;
			};
			name = Release;
		};
		7C679B8A2530E1790020CB06 /* Debug */ = {
			isa = XCBuildConfiguration;
			baseConfigurationReference = EB8DDAFAD736EB9C320F8114 /* Pods-WebexIssue.debug.xcconfig */;
			buildSettings = {
				ASSETCATALOG_COMPILER_APPICON_NAME = AppIcon;
				ASSETCATALOG_COMPILER_GLOBAL_ACCENT_COLOR_NAME = AccentColor;
				CODE_SIGN_STYLE = Automatic;
				DEVELOPMENT_TEAM = NKYRU7R6HF;
				INFOPLIST_FILE = WebexIssue/Info.plist;
				LD_RUNPATH_SEARCH_PATHS = (
					"$(inherited)",
					"@executable_path/Frameworks",
				);
				PRODUCT_BUNDLE_IDENTIFIER = EvgeniyGT.WebexIssue;
				PRODUCT_NAME = "$(TARGET_NAME)";
				SWIFT_VERSION = 5.0;
				TARGETED_DEVICE_FAMILY = "1,2";
			};
			name = Debug;
		};
		7C679B8B2530E1790020CB06 /* Release */ = {
			isa = XCBuildConfiguration;
			baseConfigurationReference = BCE82BC90F7D8D367D453C1C /* Pods-WebexIssue.release.xcconfig */;
			buildSettings = {
				ASSETCATALOG_COMPILER_APPICON_NAME = AppIcon;
				ASSETCATALOG_COMPILER_GLOBAL_ACCENT_COLOR_NAME = AccentColor;
				CODE_SIGN_STYLE = Automatic;
				DEVELOPMENT_TEAM = NKYRU7R6HF;
				INFOPLIST_FILE = WebexIssue/Info.plist;
				LD_RUNPATH_SEARCH_PATHS = (
					"$(inherited)",
					"@executable_path/Frameworks",
				);
				PRODUCT_BUNDLE_IDENTIFIER = EvgeniyGT.WebexIssue;
				PRODUCT_NAME = "$(TARGET_NAME)";
				SWIFT_VERSION = 5.0;
				TARGETED_DEVICE_FAMILY = "1,2";
			};
			name = Release;
		};
/* End XCBuildConfiguration section */

/* Begin XCConfigurationList section */
		7C679B702530E1790020CB06 /* Build configuration list for PBXProject "WebexIssue" */ = {
			isa = XCConfigurationList;
			buildConfigurations = (
				7C679B872530E1790020CB06 /* Debug */,
				7C679B882530E1790020CB06 /* Release */,
			);
			defaultConfigurationIsVisible = 0;
			defaultConfigurationName = Release;
		};
		7C679B892530E1790020CB06 /* Build configuration list for PBXNativeTarget "WebexIssue" */ = {
			isa = XCConfigurationList;
			buildConfigurations = (
				7C679B8A2530E1790020CB06 /* Debug */,
				7C679B8B2530E1790020CB06 /* Release */,
			);
			defaultConfigurationIsVisible = 0;
			defaultConfigurationName = Release;
		};
/* End XCConfigurationList section */
	};
	rootObject = 7C679B6D2530E1790020CB06 /* Project object */;
}
